
Microsoft Visual Studio Solution File, Format Version 12.00
# Visual Studio 15
VisualStudioVersion = 15.0.27703.2026
MinimumVisualStudioVersion = 10.0.40219.1
Project("{FAE04EC0-301F-11D3-BF4B-00C04F79EFBC}") = "loop", "loop\loop.csproj", "{76CFAB37-1D96-4EA7-A8AA-F442A2332433}"
EndProject
Global
	GlobalSection(SolutionConfigurationPlatforms) = preSolution
		Debug|Any CPU = Debug|Any CPU
		Release|Any CPU = Release|Any CPU
	EndGlobalSection
	GlobalSection(ProjectConfigurationPlatforms) = postSolution
		{76CFAB37-1D96-4EA7-A8AA-F442A2332433}.Debug|Any CPU.ActiveCfg = Debug|Any CPU
		{76CFAB37-1D96-4EA7-A8AA-F442A2332433}.Debug|Any CPU.Build.0 = Debug|Any CPU
		{76CFAB37-1D96-4EA7-A8AA-F442A2332433}.Release|Any CPU.ActiveCfg = Release|Any CPU
		{76CFAB37-1D96-4EA7-A8AA-F442A2332433}.Release|Any CPU.Build.0 = Release|Any CPU
	EndGlobalSection
	GlobalSection(SolutionProperties) = preSolution
		HideSolutionNode = FALSE
	EndGlobalSection
	GlobalSection(ExtensibilityGlobals) = postSolution
		SolutionGuid = {DD1B0504-E091-4660-A6BD-D20C6972F036}
	EndGlobalSection
EndGlobal
