
Microsoft Visual Studio Solution File, Format Version 12.00
# Visual Studio 15
VisualStudioVersion = 15.0.27703.2026
MinimumVisualStudioVersion = 10.0.40219.1
Project("{FAE04EC0-301F-11D3-BF4B-00C04F79EFBC}") = "loop_exercise_countdown", "loop_exercise_countdown\loop_exercise_countdown.csproj", "{7CD29155-1080-4CA9-BC0A-FA743B8DC003}"
EndProject
Global
	GlobalSection(SolutionConfigurationPlatforms) = preSolution
		Debug|Any CPU = Debug|Any CPU
		Release|Any CPU = Release|Any CPU
	EndGlobalSection
	GlobalSection(ProjectConfigurationPlatforms) = postSolution
		{7CD29155-1080-4CA9-BC0A-FA743B8DC003}.Debug|Any CPU.ActiveCfg = Debug|Any CPU
		{7CD29155-1080-4CA9-BC0A-FA743B8DC003}.Debug|Any CPU.Build.0 = Debug|Any CPU
		{7CD29155-1080-4CA9-BC0A-FA743B8DC003}.Release|Any CPU.ActiveCfg = Release|Any CPU
		{7CD29155-1080-4CA9-BC0A-FA743B8DC003}.Release|Any CPU.Build.0 = Release|Any CPU
	EndGlobalSection
	GlobalSection(SolutionProperties) = preSolution
		HideSolutionNode = FALSE
	EndGlobalSection
	GlobalSection(ExtensibilityGlobals) = postSolution
		SolutionGuid = {B2856A7B-1FBA-408A-A7D6-48B880785AA7}
	EndGlobalSection
EndGlobal
